
Microsoft Visual Studio Solution File, Format Version 12.00
# Visual Studio Version 16
VisualStudioVersion = 16.0.31025.194
MinimumVisualStudioVersion = 10.0.40219.1
Project("{FAE04EC0-301F-11D3-BF4B-00C04F79EFBC}") = "NextJob", "NextJob\NextJob.csproj", "{1CFADC00-71D0-4D66-BEA5-6C6304DB8AC0}"
EndProject
Global
	GlobalSection(SolutionConfigurationPlatforms) = preSolution
		Debug|Any CPU = Debug|Any CPU
		Release|Any CPU = Release|Any CPU
	EndGlobalSection
	GlobalSection(ProjectConfigurationPlatforms) = postSolution
		{1CFADC00-71D0-4D66-BEA5-6C6304DB8AC0}.Debug|Any CPU.ActiveCfg = Debug|Any CPU
		{1CFADC00-71D0-4D66-BEA5-6C6304DB8AC0}.Debug|Any CPU.Build.0 = Debug|Any CPU
		{1CFADC00-71D0-4D66-BEA5-6C6304DB8AC0}.Release|Any CPU.ActiveCfg = Release|Any CPU
		{1CFADC00-71D0-4D66-BEA5-6C6304DB8AC0}.Release|Any CPU.Build.0 = Release|Any CPU
	EndGlobalSection
	GlobalSection(SolutionProperties) = preSolution
		HideSolutionNode = FALSE
	EndGlobalSection
	GlobalSection(ExtensibilityGlobals) = postSolution
		SolutionGuid = {AAC3516E-413A-4CAB-9CFD-7EFBB90B44D5}
	EndGlobalSection
EndGlobal
